
Microsoft Visual Studio Solution File, Format Version 12.00
# Visual Studio Version 17
VisualStudioVersion = 17.14.36908.2
MinimumVisualStudioVersion = 10.0.40219.1
Project("{FAE04EC0-301F-11D3-BF4B-00C04F79EFBC}") = "JustDoTheWork.Entity", "JustDoTheWork.Entity\JustDoTheWork.Entity.csproj", "{83B564C3-4CC5-4094-908C-7299A2F772F2}"
EndProject
Project("{FAE04EC0-301F-11D3-BF4B-00C04F79EFBC}") = "JustDoTheWork.Controller", "JustDoTheWork.Controller\JustDoTheWork.Controller.csproj", "{A39B31A9-B853-4356-B80E-82DDB940D0A0}"
EndProject
Project("{FAE04EC0-301F-11D3-BF4B-00C04F79EFBC}") = "JustDoTheWork.Infrastructure", "JustDoTheWork.Infrastructure\JustDoTheWork.Infrastructure.csproj", "{F0550861-B28B-4056-A79A-42B0AC5F3FAB}"
EndProject
Project("{FAE04EC0-301F-11D3-BF4B-00C04F79EFBC}") = "JustDoTheWork.Sistema", "JustDoTheWork.Sistema\JustDoTheWork.Sistema.csproj", "{45AC4F90-8C49-4D46-B1FB-02DA8D5B6149}"
EndProject
Project("{FAE04EC0-301F-11D3-BF4B-00C04F79EFBC}") = "JustDoTheWork.DTO", "JustDoTheWork.DTO\JustDoTheWork.DTO.csproj", "{7FE86730-D370-48D7-B507-3450F1103400}"
EndProject
Global
	GlobalSection(SolutionConfigurationPlatforms) = preSolution
		Debug|Any CPU = Debug|Any CPU
		Release|Any CPU = Release|Any CPU
	EndGlobalSection
	GlobalSection(ProjectConfigurationPlatforms) = postSolution
		{83B564C3-4CC5-4094-908C-7299A2F772F2}.Debug|Any CPU.ActiveCfg = Debug|Any CPU
		{83B564C3-4CC5-4094-908C-7299A2F772F2}.Debug|Any CPU.Build.0 = Debug|Any CPU
		{83B564C3-4CC5-4094-908C-7299A2F772F2}.Release|Any CPU.ActiveCfg = Release|Any CPU
		{83B564C3-4CC5-4094-908C-7299A2F772F2}.Release|Any CPU.Build.0 = Release|Any CPU
		{A39B31A9-B853-4356-B80E-82DDB940D0A0}.Debug|Any CPU.ActiveCfg = Debug|Any CPU
		{A39B31A9-B853-4356-B80E-82DDB940D0A0}.Debug|Any CPU.Build.0 = Debug|Any CPU
		{A39B31A9-B853-4356-B80E-82DDB940D0A0}.Release|Any CPU.ActiveCfg = Release|Any CPU
		{A39B31A9-B853-4356-B80E-82DDB940D0A0}.Release|Any CPU.Build.0 = Release|Any CPU
		{F0550861-B28B-4056-A79A-42B0AC5F3FAB}.Debug|Any CPU.ActiveCfg = Debug|Any CPU
		{F0550861-B28B-4056-A79A-42B0AC5F3FAB}.Debug|Any CPU.Build.0 = Debug|Any CPU
		{F0550861-B28B-4056-A79A-42B0AC5F3FAB}.Release|Any CPU.ActiveCfg = Release|Any CPU
		{F0550861-B28B-4056-A79A-42B0AC5F3FAB}.Release|Any CPU.Build.0 = Release|Any CPU
		{45AC4F90-8C49-4D46-B1FB-02DA8D5B6149}.Debug|Any CPU.ActiveCfg = Debug|Any CPU
		{45AC4F90-8C49-4D46-B1FB-02DA8D5B6149}.Debug|Any CPU.Build.0 = Debug|Any CPU
		{45AC4F90-8C49-4D46-B1FB-02DA8D5B6149}.Release|Any CPU.ActiveCfg = Release|Any CPU
		{45AC4F90-8C49-4D46-B1FB-02DA8D5B6149}.Release|Any CPU.Build.0 = Release|Any CPU
		{7FE86730-D370-48D7-B507-3450F1103400}.Debug|Any CPU.ActiveCfg = Debug|Any CPU
		{7FE86730-D370-48D7-B507-3450F1103400}.Debug|Any CPU.Build.0 = Debug|Any CPU
		{7FE86730-D370-48D7-B507-3450F1103400}.Release|Any CPU.ActiveCfg = Release|Any CPU
		{7FE86730-D370-48D7-B507-3450F1103400}.Release|Any CPU.Build.0 = Release|Any CPU
	EndGlobalSection
	GlobalSection(SolutionProperties) = preSolution
		HideSolutionNode = FALSE
	EndGlobalSection
	GlobalSection(ExtensibilityGlobals) = postSolution
		SolutionGuid = {D0DF976B-AABD-4021-B808-BED97CC6C741}
	EndGlobalSection
EndGlobal
